Microsoft Visual Studio Solution File, Format Version 12.00
# Visual Studio Version 16
VisualStudioVersion = 16.0.30907.101
MinimumVisualStudioVersion = 10.0.40219.1
Project("{FAE04EC0-301F-11D3-BF4B-00C04F79EFBC}") = "Tamagotchi.Android", "Tamagotchi.Android\Tamagotchi.Android.csproj", "{0EE21807-12FA-4880-BEB7-FAE1749C35C8}"
EndProject
Project("{FAE04EC0-301F-11D3-BF4B-00C04F79EFBC}") = "Tamagotchi.iOS", "Tamagotchi.iOS\Tamagotchi.iOS.csproj", "{C01DD3EA-B820-4EA2-B3B4-717D6FF572C1}"
EndProject
Project("{9A19103F-16F7-4668-BE54-9A1E7A4F7556}") = "Tamagotchi", "Tamagotchi\Tamagotchi.csproj", "{9324636B-EAA5-40BB-A412-55EA2F31CBE7}"
EndProject
Project("{FAE04EC0-301F-11D3-BF4B-00C04F79EFBC}") = "Tamagotchi.Game", "Tamagotchi.Game\Tamagotchi.Game.csproj", "{4E7B9835-1429-438A-8AE6-64DA2F1C6F3E}"
EndProject
Project("{FAE04EC0-301F-11D3-BF4B-00C04F79EFBC}") = "Tamagotchi.Core.Tests", "Tamagotchi.Core.Tests\Tamagotchi.Core.Tests.csproj", "{48FD6364-AAF1-44E1-89D4-3840D86417A7}"
EndProject
Global
	GlobalSection(SolutionConfigurationPlatforms) = preSolution
		Debug|Any CPU = Debug|Any CPU
		Debug|iPhone = Debug|iPhone
		Debug|iPhoneSimulator = Debug|iPhoneSimulator
		Release|Any CPU = Release|Any CPU
		Release|iPhone = Release|iPhone
		Release|iPhoneSimulator = Release|iPhoneSimulator
	EndGlobalSection
	GlobalSection(ProjectConfigurationPlatforms) = postSolution
		{0EE21807-12FA-4880-BEB7-FAE1749C35C8}.Debug|Any CPU.ActiveCfg = Debug|Any CPU
		{0EE21807-12FA-4880-BEB7-FAE1749C35C8}.Debug|Any CPU.Build.0 = Debug|Any CPU
		{0EE21807-12FA-4880-BEB7-FAE1749C35C8}.Debug|iPhone.ActiveCfg = Debug|Any CPU
		{0EE21807-12FA-4880-BEB7-FAE1749C35C8}.Debug|iPhone.Build.0 = Debug|Any CPU
		{0EE21807-12FA-4880-BEB7-FAE1749C35C8}.Debug|iPhoneSimulator.ActiveCfg = Debug|Any CPU
		{0EE21807-12FA-4880-BEB7-FAE1749C35C8}.Debug|iPhoneSimulator.Build.0 = Debug|Any CPU
		{0EE21807-12FA-4880-BEB7-FAE1749C35C8}.Release|Any CPU.ActiveCfg = Release|Any CPU
		{0EE21807-12FA-4880-BEB7-FAE1749C35C8}.Release|Any CPU.Build.0 = Release|Any CPU
		{0EE21807-12FA-4880-BEB7-FAE1749C35C8}.Release|iPhone.ActiveCfg = Release|Any CPU
		{0EE21807-12FA-4880-BEB7-FAE1749C35C8}.Release|iPhone.Build.0 = Release|Any CPU
		{0EE21807-12FA-4880-BEB7-FAE1749C35C8}.Release|iPhoneSimulator.ActiveCfg = Release|Any CPU
		{0EE21807-12FA-4880-BEB7-FAE1749C35C8}.Release|iPhoneSimulator.Build.0 = Release|Any CPU
		{C01DD3EA-B820-4EA2-B3B4-717D6FF572C1}.Debug|Any CPU.ActiveCfg = Debug|iPhoneSimulator
		{C01DD3EA-B820-4EA2-B3B4-717D6FF572C1}.Debug|Any CPU.Build.0 = Debug|iPhoneSimulator
		{C01DD3EA-B820-4EA2-B3B4-717D6FF572C1}.Debug|iPhone.ActiveCfg = Debug|iPhone
		{C01DD3EA-B820-4EA2-B3B4-717D6FF572C1}.Debug|iPhone.Build.0 = Debug|iPhone
		{C01DD3EA-B820-4EA2-B3B4-717D6FF572C1}.Debug|iPhoneSimulator.ActiveCfg = Debug|iPhoneSimulator
		{C01DD3EA-B820-4EA2-B3B4-717D6FF572C1}.Debug|iPhoneSimulator.Build.0 = Debug|iPhoneSimulator
		{C01DD3EA-B820-4EA2-B3B4-717D6FF572C1}.Release|Any CPU.ActiveCfg = Release|iPhoneSimulator
		{C01DD3EA-B820-4EA2-B3B4-717D6FF572C1}.Release|Any CPU.Build.0 = Release|iPhoneSimulator
		{C01DD3EA-B820-4EA2-B3B4-717D6FF572C1}.Release|iPhone.ActiveCfg = Release|iPhone
		{C01DD3EA-B820-4EA2-B3B4-717D6FF572C1}.Release|iPhone.Build.0 = Release|iPhone
		{C01DD3EA-B820-4EA2-B3B4-717D6FF572C1}.Release|iPhoneSimulator.ActiveCfg = Release|iPhoneSimulator
		{C01DD3EA-B820-4EA2-B3B4-717D6FF572C1}.Release|iPhoneSimulator.Build.0 = Release|iPhoneSimulator
		{9324636B-EAA5-40BB-A412-55EA2F31CBE7}.Debug|Any CPU.ActiveCfg = Debug|Any CPU
		{9324636B-EAA5-40BB-A412-55EA2F31CBE7}.Debug|Any CPU.Build.0 = Debug|Any CPU
		{9324636B-EAA5-40BB-A412-55EA2F31CBE7}.Debug|iPhone.ActiveCfg = Debug|Any CPU
		{9324636B-EAA5-40BB-A412-55EA2F31CBE7}.Debug|iPhone.Build.0 = Debug|Any CPU
		{9324636B-EAA5-40BB-A412-55EA2F31CBE7}.Debug|iPhoneSimulator.ActiveCfg = Debug|Any CPU
		{9324636B-EAA5-40BB-A412-55EA2F31CBE7}.Debug|iPhoneSimulator.Build.0 = Debug|Any CPU
		{9324636B-EAA5-40BB-A412-55EA2F31CBE7}.Release|Any CPU.ActiveCfg = Release|Any CPU
		{9324636B-EAA5-40BB-A412-55EA2F31CBE7}.Release|Any CPU.Build.0 = Release|Any CPU
		{9324636B-EAA5-40BB-A412-55EA2F31CBE7}.Release|iPhone.ActiveCfg = Release|Any CPU
		{9324636B-EAA5-40BB-A412-55EA2F31CBE7}.Release|iPhone.Build.0 = Release|Any CPU
		{9324636B-EAA5-40BB-A412-55EA2F31CBE7}.Release|iPhoneSimulator.ActiveCfg = Release|Any CPU
		{9324636B-EAA5-40BB-A412-55EA2F31CBE7}.Release|iPhoneSimulator.Build.0 = Release|Any CPU
		{4E7B9835-1429-438A-8AE6-64DA2F1C6F3E}.Debug|Any CPU.ActiveCfg = Debug|Any CPU
		{4E7B9835-1429-438A-8AE6-64DA2F1C6F3E}.Debug|Any CPU.Build.0 = Debug|Any CPU
		{4E7B9835-1429-438A-8AE6-64DA2F1C6F3E}.Debug|iPhone.ActiveCfg = Debug|Any CPU
		{4E7B9835-1429-438A-8AE6-64DA2F1C6F3E}.Debug|iPhone.Build.0 = Debug|Any CPU
		{4E7B9835-1429-438A-8AE6-64DA2F1C6F3E}.Debug|iPhoneSimulator.ActiveCfg = Debug|Any CPU
		{4E7B9835-1429-438A-8AE6-64DA2F1C6F3E}.Debug|iPhoneSimulator.Build.0 = Debug|Any CPU
		{4E7B9835-1429-438A-8AE6-64DA2F1C6F3E}.Release|Any CPU.ActiveCfg = Release|Any CPU
		{4E7B9835-1429-438A-8AE6-64DA2F1C6F3E}.Release|Any CPU.Build.0 = Release|Any CPU
		{4E7B9835-1429-438A-8AE6-64DA2F1C6F3E}.Release|iPhone.ActiveCfg = Release|Any CPU
		{4E7B9835-1429-438A-8AE6-64DA2F1C6F3E}.Release|iPhone.Build.0 = Release|Any CPU
		{4E7B9835-1429-438A-8AE6-64DA2F1C6F3E}.Release|iPhoneSimulator.ActiveCfg = Release|Any CPU
		{4E7B9835-1429-438A-8AE6-64DA2F1C6F3E}.Release|iPhoneSimulator.Build.0 = Release|Any CPU
		{48FD6364-AAF1-44E1-89D4-3840D86417A7}.Debug|Any CPU.ActiveCfg = Debug|Any CPU
		{48FD6364-AAF1-44E1-89D4-3840D86417A7}.Debug|Any CPU.Build.0 = Debug|Any CPU
		{48FD6364-AAF1-44E1-89D4-3840D86417A7}.Debug|iPhone.ActiveCfg = Debug|Any CPU
		{48FD6364-AAF1-44E1-89D4-3840D86417A7}.Debug|iPhone.Build.0 = Debug|Any CPU
		{48FD6364-AAF1-44E1-89D4-3840D86417A7}.Debug|iPhoneSimulator.ActiveCfg = Debug|Any CPU
		{48FD6364-AAF1-44E1-89D4-3840D86417A7}.Debug|iPhoneSimulator.Build.0 = Debug|Any CPU
		{48FD6364-AAF1-44E1-89D4-3840D86417A7}.Release|Any CPU.ActiveCfg = Release|Any CPU
		{48FD6364-AAF1-44E1-89D4-3840D86417A7}.Release|Any CPU.Build.0 = Release|Any CPU
		{48FD6364-AAF1-44E1-89D4-3840D86417A7}.Release|iPhone.ActiveCfg = Release|Any CPU
		{48FD6364-AAF1-44E1-89D4-3840D86417A7}.Release|iPhone.Build.0 = Release|Any CPU
		{48FD6364-AAF1-44E1-89D4-3840D86417A7}.Release|iPhoneSimulator.ActiveCfg = Release|Any CPU
		{48FD6364-AAF1-44E1-89D4-3840D86417A7}.Release|iPhoneSimulator.Build.0 = Release|Any CPU
	EndGlobalSection
	GlobalSection(SolutionProperties) = preSolution
		HideSolutionNode = FALSE
	EndGlobalSection
	GlobalSection(ExtensibilityGlobals) = postSolution
		SolutionGuid = {30BC603B-68E3-46F7-BC24-1CA29ADC53E7}
	EndGlobalSection
EndGlobal
